
Microsoft Visual Studio Solution File, Format Version 12.00
# Visual Studio Version 17
VisualStudioVersion = 17.14.36327.8
MinimumVisualStudioVersion = 10.0.40219.1
Project("{FAE04EC0-301F-11D3-BF4B-00C04F79EFBC}") = "main", "main.csproj", "{EEC7092B-7774-4E39-82C0-D2D984F44989}"
EndProject
Project("{FAE04EC0-301F-11D3-BF4B-00C04F79EFBC}") = "ClassLibrary", "..\ClassLibrary\ClassLibrary.csproj", "{68AEB649-ECA7-4365-8557-FC50E9E80EF4}"
EndProject
Project("{FAE04EC0-301F-11D3-BF4B-00C04F79EFBC}") = "TestProject1", "..\TestProject1\TestProject1.csproj", "{0655F4B5-F6C2-4A54-8C77-D7FC8525EEE1}"
EndProject
Global
	GlobalSection(SolutionConfigurationPlatforms) = preSolution
		Debug|Any CPU = Debug|Any CPU
		Release|Any CPU = Release|Any CPU
	EndGlobalSection
	GlobalSection(ProjectConfigurationPlatforms) = postSolution
		{EEC7092B-7774-4E39-82C0-D2D984F44989}.Debug|Any CPU.ActiveCfg = Debug|Any CPU
		{EEC7092B-7774-4E39-82C0-D2D984F44989}.Debug|Any CPU.Build.0 = Debug|Any CPU
		{EEC7092B-7774-4E39-82C0-D2D984F44989}.Release|Any CPU.ActiveCfg = Release|Any CPU
		{EEC7092B-7774-4E39-82C0-D2D984F44989}.Release|Any CPU.Build.0 = Release|Any CPU
		{68AEB649-ECA7-4365-8557-FC50E9E80EF4}.Debug|Any CPU.ActiveCfg = Debug|Any CPU
		{68AEB649-ECA7-4365-8557-FC50E9E80EF4}.Debug|Any CPU.Build.0 = Debug|Any CPU
		{68AEB649-ECA7-4365-8557-FC50E9E80EF4}.Release|Any CPU.ActiveCfg = Release|Any CPU
		{68AEB649-ECA7-4365-8557-FC50E9E80EF4}.Release|Any CPU.Build.0 = Release|Any CPU
		{0655F4B5-F6C2-4A54-8C77-D7FC8525EEE1}.Debug|Any CPU.ActiveCfg = Debug|Any CPU
		{0655F4B5-F6C2-4A54-8C77-D7FC8525EEE1}.Debug|Any CPU.Build.0 = Debug|Any CPU
		{0655F4B5-F6C2-4A54-8C77-D7FC8525EEE1}.Release|Any CPU.ActiveCfg = Release|Any CPU
		{0655F4B5-F6C2-4A54-8C77-D7FC8525EEE1}.Release|Any CPU.Build.0 = Release|Any CPU
	EndGlobalSection
	GlobalSection(SolutionProperties) = preSolution
		HideSolutionNode = FALSE
	EndGlobalSection
	GlobalSection(ExtensibilityGlobals) = postSolution
		SolutionGuid = {773D9510-C979-450E-B235-41F013B94618}
	EndGlobalSection
EndGlobal
